
Microsoft Visual Studio Solution File, Format Version 12.00
# Visual Studio Version 17
VisualStudioVersion = 17.8.34316.72
MinimumVisualStudioVersion = 10.0.40219.1
Project("{9A19103F-16F7-4668-BE54-9A1E7A4F7556}") = "AOC24", "AOC24\AOC24.csproj", "{294495D8-38A0-4DDD-8B42-88F5D9591715}"
EndProject
Project("{FAE04EC0-301F-11D3-BF4B-00C04F79EFBC}") = "AOC24Tests", "AOC24Tests\AOC24Tests.csproj", "{CF8D0356-A05E-4282-89E4-894D97543C5A}"
EndProject
Global
	GlobalSection(SolutionConfigurationPlatforms) = preSolution
		Debug|Any CPU = Debug|Any CPU
		Release|Any CPU = Release|Any CPU
	EndGlobalSection
	GlobalSection(ProjectConfigurationPlatforms) = postSolution
		{294495D8-38A0-4DDD-8B42-88F5D9591715}.Debug|Any CPU.ActiveCfg = Debug|Any CPU
		{294495D8-38A0-4DDD-8B42-88F5D9591715}.Debug|Any CPU.Build.0 = Debug|Any CPU
		{294495D8-38A0-4DDD-8B42-88F5D9591715}.Release|Any CPU.ActiveCfg = Release|Any CPU
		{294495D8-38A0-4DDD-8B42-88F5D9591715}.Release|Any CPU.Build.0 = Release|Any CPU
		{CF8D0356-A05E-4282-89E4-894D97543C5A}.Debug|Any CPU.ActiveCfg = Debug|Any CPU
		{CF8D0356-A05E-4282-89E4-894D97543C5A}.Debug|Any CPU.Build.0 = Debug|Any CPU
		{CF8D0356-A05E-4282-89E4-894D97543C5A}.Release|Any CPU.ActiveCfg = Release|Any CPU
		{CF8D0356-A05E-4282-89E4-894D97543C5A}.Release|Any CPU.Build.0 = Release|Any CPU
	EndGlobalSection
	GlobalSection(SolutionProperties) = preSolution
		HideSolutionNode = FALSE
	EndGlobalSection
	GlobalSection(ExtensibilityGlobals) = postSolution
		SolutionGuid = {E49BCDBA-CBDB-429A-8254-AEEE12F51657}
	EndGlobalSection
EndGlobal
